
Microsoft Visual Studio Solution File, Format Version 12.00
# Visual Studio 15
VisualStudioVersion = 15.0.28010.2019
MinimumVisualStudioVersion = 10.0.40219.1
Project("{9A19103F-16F7-4668-BE54-9A1E7A4F7556}") = "Assignment3", "Assignment3\Assignment3.csproj", "{07CB2674-A535-4AE4-A265-A9D416B75DF3}"
EndProject
Project("{9A19103F-16F7-4668-BE54-9A1E7A4F7556}") = "Assignment3.Tests", "Assignment3.Tests\Assignment3.Tests.csproj", "{C17AB7E6-EFFB-4745-939C-BE8106EE67C5}"
EndProject
Global
	GlobalSection(SolutionConfigurationPlatforms) = preSolution
		Debug|Any CPU = Debug|Any CPU
		Release|Any CPU = Release|Any CPU
	EndGlobalSection
	GlobalSection(ProjectConfigurationPlatforms) = postSolution
		{07CB2674-A535-4AE4-A265-A9D416B75DF3}.Debug|Any CPU.ActiveCfg = Debug|Any CPU
		{07CB2674-A535-4AE4-A265-A9D416B75DF3}.Debug|Any CPU.Build.0 = Debug|Any CPU
		{07CB2674-A535-4AE4-A265-A9D416B75DF3}.Release|Any CPU.ActiveCfg = Release|Any CPU
		{07CB2674-A535-4AE4-A265-A9D416B75DF3}.Release|Any CPU.Build.0 = Release|Any CPU
		{C17AB7E6-EFFB-4745-939C-BE8106EE67C5}.Debug|Any CPU.ActiveCfg = Debug|Any CPU
		{C17AB7E6-EFFB-4745-939C-BE8106EE67C5}.Debug|Any CPU.Build.0 = Debug|Any CPU
		{C17AB7E6-EFFB-4745-939C-BE8106EE67C5}.Release|Any CPU.ActiveCfg = Release|Any CPU
		{C17AB7E6-EFFB-4745-939C-BE8106EE67C5}.Release|Any CPU.Build.0 = Release|Any CPU
	EndGlobalSection
	GlobalSection(SolutionProperties) = preSolution
		HideSolutionNode = FALSE
	EndGlobalSection
	GlobalSection(ExtensibilityGlobals) = postSolution
		SolutionGuid = {CA012F32-3C0E-4A0A-9375-25A6D4B37D8E}
	EndGlobalSection
EndGlobal
