
Microsoft Visual Studio Solution File, Format Version 12.00
# Visual Studio 15
VisualStudioVersion = 15.0.28010.2019
MinimumVisualStudioVersion = 10.0.40219.1
Project("{FAE04EC0-301F-11D3-BF4B-00C04F79EFBC}") = "Upload2S3", "Upload2S3\Upload2S3.csproj", "{A07054AC-045F-432B-B5E5-4C636E333002}"
EndProject
Global
	GlobalSection(SolutionConfigurationPlatforms) = preSolution
		Debug|Any CPU = Debug|Any CPU
		Release|Any CPU = Release|Any CPU
	EndGlobalSection
	GlobalSection(ProjectConfigurationPlatforms) = postSolution
		{A07054AC-045F-432B-B5E5-4C636E333002}.Debug|Any CPU.ActiveCfg = Debug|Any CPU
		{A07054AC-045F-432B-B5E5-4C636E333002}.Debug|Any CPU.Build.0 = Debug|Any CPU
		{A07054AC-045F-432B-B5E5-4C636E333002}.Release|Any CPU.ActiveCfg = Release|Any CPU
		{A07054AC-045F-432B-B5E5-4C636E333002}.Release|Any CPU.Build.0 = Release|Any CPU
	EndGlobalSection
	GlobalSection(SolutionProperties) = preSolution
		HideSolutionNode = FALSE
	EndGlobalSection
	GlobalSection(ExtensibilityGlobals) = postSolution
		SolutionGuid = {6DD51145-0A02-44D0-85C6-C8887F211838}
	EndGlobalSection
EndGlobal
