
Microsoft Visual Studio Solution File, Format Version 12.00
# Visual Studio 15
VisualStudioVersion = 15.0.28010.2019
MinimumVisualStudioVersion = 10.0.40219.1
Project("{FAE04EC0-301F-11D3-BF4B-00C04F79EFBC}") = "WebAppRDSAccess", "WebAppRDSAccess\WebAppRDSAccess.csproj", "{C9F645E3-D053-449D-900E-4B56CC282ECB}"
EndProject
Global
	GlobalSection(SolutionConfigurationPlatforms) = preSolution
		Debug|Any CPU = Debug|Any CPU
		Release|Any CPU = Release|Any CPU
	EndGlobalSection
	GlobalSection(ProjectConfigurationPlatforms) = postSolution
		{C9F645E3-D053-449D-900E-4B56CC282ECB}.Debug|Any CPU.ActiveCfg = Debug|Any CPU
		{C9F645E3-D053-449D-900E-4B56CC282ECB}.Debug|Any CPU.Build.0 = Debug|Any CPU
		{C9F645E3-D053-449D-900E-4B56CC282ECB}.Release|Any CPU.ActiveCfg = Release|Any CPU
		{C9F645E3-D053-449D-900E-4B56CC282ECB}.Release|Any CPU.Build.0 = Release|Any CPU
	EndGlobalSection
	GlobalSection(SolutionProperties) = preSolution
		HideSolutionNode = FALSE
	EndGlobalSection
	GlobalSection(ExtensibilityGlobals) = postSolution
		SolutionGuid = {DF38EABE-2284-442F-8606-9C9D6AEB834A}
	EndGlobalSection
EndGlobal
