
Microsoft Visual Studio Solution File, Format Version 12.00
# Visual Studio 15
VisualStudioVersion = 15.0.28010.2019
MinimumVisualStudioVersion = 10.0.40219.1
Project("{FAE04EC0-301F-11D3-BF4B-00C04F79EFBC}") = "WebAppMovie", "WebAppMovie\WebAppMovie.csproj", "{A78AA2EF-3FCF-45A2-9091-4963A112CE06}"
EndProject
Global
	GlobalSection(SolutionConfigurationPlatforms) = preSolution
		Debug|Any CPU = Debug|Any CPU
		Release|Any CPU = Release|Any CPU
	EndGlobalSection
	GlobalSection(ProjectConfigurationPlatforms) = postSolution
		{A78AA2EF-3FCF-45A2-9091-4963A112CE06}.Debug|Any CPU.ActiveCfg = Debug|Any CPU
		{A78AA2EF-3FCF-45A2-9091-4963A112CE06}.Debug|Any CPU.Build.0 = Debug|Any CPU
		{A78AA2EF-3FCF-45A2-9091-4963A112CE06}.Release|Any CPU.ActiveCfg = Release|Any CPU
		{A78AA2EF-3FCF-45A2-9091-4963A112CE06}.Release|Any CPU.Build.0 = Release|Any CPU
	EndGlobalSection
	GlobalSection(SolutionProperties) = preSolution
		HideSolutionNode = FALSE
	EndGlobalSection
	GlobalSection(ExtensibilityGlobals) = postSolution
		SolutionGuid = {D66FFF86-A398-440F-98CD-E5C6CF157C05}
	EndGlobalSection
EndGlobal
