
Microsoft Visual Studio Solution File, Format Version 12.00
# Visual Studio 15
VisualStudioVersion = 15.0.28010.2019
MinimumVisualStudioVersion = 10.0.40219.1
Project("{FAE04EC0-301F-11D3-BF4B-00C04F79EFBC}") = "Week06ConsoleApp", "Week06ConsoleApp\Week06ConsoleApp.csproj", "{B250EC54-8869-46F5-A266-F4C2E24AC6A3}"
EndProject
Global
	GlobalSection(SolutionConfigurationPlatforms) = preSolution
		Debug|Any CPU = Debug|Any CPU
		Release|Any CPU = Release|Any CPU
	EndGlobalSection
	GlobalSection(ProjectConfigurationPlatforms) = postSolution
		{B250EC54-8869-46F5-A266-F4C2E24AC6A3}.Debug|Any CPU.ActiveCfg = Debug|Any CPU
		{B250EC54-8869-46F5-A266-F4C2E24AC6A3}.Debug|Any CPU.Build.0 = Debug|Any CPU
		{B250EC54-8869-46F5-A266-F4C2E24AC6A3}.Release|Any CPU.ActiveCfg = Release|Any CPU
		{B250EC54-8869-46F5-A266-F4C2E24AC6A3}.Release|Any CPU.Build.0 = Release|Any CPU
	EndGlobalSection
	GlobalSection(SolutionProperties) = preSolution
		HideSolutionNode = FALSE
	EndGlobalSection
	GlobalSection(ExtensibilityGlobals) = postSolution
		SolutionGuid = {CF0D8184-8E7E-4D88-BF59-B80F64374A02}
	EndGlobalSection
EndGlobal
